
Microsoft Visual Studio Solution File, Format Version 12.00
# Visual Studio 2013
VisualStudioVersion = 12.0.31101.0
MinimumVisualStudioVersion = 10.0.40219.1
Project("{FAE04EC0-301F-11D3-BF4B-00C04F79EFBC}") = "ChivalryRank", "ChivalryRank\ChivalryRank.csproj", "{31F8D3FB-30F8-4004-AEF8-E7B552C38CB9}"
EndProject
Global
	GlobalSection(TeamFoundationVersionControl) = preSolution
		SccNumberOfProjects = 2
		SccEnterpriseProvider = {4CA58AB2-18FA-4F8D-95D4-32DDF27D184C}
		SccTeamFoundationServer = https://chipana.visualstudio.com/defaultcollection
		SccLocalPath0 = .
		SccProjectUniqueName1 = ChivalryRank\\ChivalryRank.csproj
		SccProjectName1 = ChivalryRank
		SccLocalPath1 = ChivalryRank
	EndGlobalSection
	GlobalSection(SolutionConfigurationPlatforms) = preSolution
		Debug|Any CPU = Debug|Any CPU
		Debug|x64 = Debug|x64
		Debug|x86 = Debug|x86
		Release|Any CPU = Release|Any CPU
		Release|x64 = Release|x64
		Release|x86 = Release|x86
	EndGlobalSection
	GlobalSection(ProjectConfigurationPlatforms) = postSolution
		{31F8D3FB-30F8-4004-AEF8-E7B552C38CB9}.Debug|Any CPU.ActiveCfg = Release|Any CPU
		{31F8D3FB-30F8-4004-AEF8-E7B552C38CB9}.Debug|Any CPU.Build.0 = Release|Any CPU
		{31F8D3FB-30F8-4004-AEF8-E7B552C38CB9}.Debug|x64.ActiveCfg = Debug|x64
		{31F8D3FB-30F8-4004-AEF8-E7B552C38CB9}.Debug|x64.Build.0 = Debug|x64
		{31F8D3FB-30F8-4004-AEF8-E7B552C38CB9}.Debug|x86.ActiveCfg = Debug|x86
		{31F8D3FB-30F8-4004-AEF8-E7B552C38CB9}.Debug|x86.Build.0 = Debug|x86
		{31F8D3FB-30F8-4004-AEF8-E7B552C38CB9}.Release|Any CPU.ActiveCfg = Release|Any CPU
		{31F8D3FB-30F8-4004-AEF8-E7B552C38CB9}.Release|Any CPU.Build.0 = Release|Any CPU
		{31F8D3FB-30F8-4004-AEF8-E7B552C38CB9}.Release|x64.ActiveCfg = Release|x64
		{31F8D3FB-30F8-4004-AEF8-E7B552C38CB9}.Release|x64.Build.0 = Release|x64
		{31F8D3FB-30F8-4004-AEF8-E7B552C38CB9}.Release|x86.ActiveCfg = Release|x86
		{31F8D3FB-30F8-4004-AEF8-E7B552C38CB9}.Release|x86.Build.0 = Release|x86
	EndGlobalSection
	GlobalSection(SolutionProperties) = preSolution
		HideSolutionNode = FALSE
	EndGlobalSection
EndGlobal
